
Microsoft Visual Studio Solution File, Format Version 12.00
# Visual Studio 14
VisualStudioVersion = 14.0.25420.1
MinimumVisualStudioVersion = 10.0.40219.1
Project("{FAE04EC0-301F-11D3-BF4B-00C04F79EFBC}") = "MyClient", "MyClient\MyClient.csproj", "{878D6014-77FF-44FF-A9B9-E695A3356071}"
EndProject
Project("{FAE04EC0-301F-11D3-BF4B-00C04F79EFBC}") = "MyClassLibrary", "MyClassLibrary\MyClassLibrary.csproj", "{C9AE253E-6635-4D1B-B2AA-6E4F8490A006}"
EndProject
Global
	GlobalSection(SolutionConfigurationPlatforms) = preSolution
		Debug|Any CPU = Debug|Any CPU
		Release|Any CPU = Release|Any CPU
	EndGlobalSection
	GlobalSection(ProjectConfigurationPlatforms) = postSolution
		{878D6014-77FF-44FF-A9B9-E695A3356071}.Debug|Any CPU.ActiveCfg = Debug|Any CPU
		{878D6014-77FF-44FF-A9B9-E695A3356071}.Debug|Any CPU.Build.0 = Debug|Any CPU
		{878D6014-77FF-44FF-A9B9-E695A3356071}.Release|Any CPU.ActiveCfg = Release|Any CPU
		{878D6014-77FF-44FF-A9B9-E695A3356071}.Release|Any CPU.Build.0 = Release|Any CPU
		{C9AE253E-6635-4D1B-B2AA-6E4F8490A006}.Debug|Any CPU.ActiveCfg = Debug|Any CPU
		{C9AE253E-6635-4D1B-B2AA-6E4F8490A006}.Debug|Any CPU.Build.0 = Debug|Any CPU
		{C9AE253E-6635-4D1B-B2AA-6E4F8490A006}.Release|Any CPU.ActiveCfg = Release|Any CPU
		{C9AE253E-6635-4D1B-B2AA-6E4F8490A006}.Release|Any CPU.Build.0 = Release|Any CPU
	EndGlobalSection
	GlobalSection(SolutionProperties) = preSolution
		HideSolutionNode = FALSE
	EndGlobalSection
EndGlobal
