
Microsoft Visual Studio Solution File, Format Version 12.00
# Visual Studio 14
VisualStudioVersion = 14.0.25420.1
MinimumVisualStudioVersion = 10.0.40219.1
Project("{FAE04EC0-301F-11D3-BF4B-00C04F79EFBC}") = "Basics", "Basics\Basics.csproj", "{701389EC-1D39-4625-AA71-4F150452E4B4}"
EndProject
Project("{FAE04EC0-301F-11D3-BF4B-00C04F79EFBC}") = "AssembliesandNameSpaces", "AssembliesandNameSpaces\AssembliesandNameSpaces.csproj", "{280C33B6-6865-4584-8AA8-38EA9C07870C}"
EndProject
Project("{FAE04EC0-301F-11D3-BF4B-00C04F79EFBC}") = "createingAndAddingReferences", "createingAndAddingReferences\createingAndAddingReferences.csproj", "{CF9673E3-BFD0-4EA4-A934-8B4BBC6E42E5}"
EndProject
Global
	GlobalSection(SolutionConfigurationPlatforms) = preSolution
		Debug|Any CPU = Debug|Any CPU
		Release|Any CPU = Release|Any CPU
	EndGlobalSection
	GlobalSection(ProjectConfigurationPlatforms) = postSolution
		{701389EC-1D39-4625-AA71-4F150452E4B4}.Debug|Any CPU.ActiveCfg = Debug|Any CPU
		{701389EC-1D39-4625-AA71-4F150452E4B4}.Debug|Any CPU.Build.0 = Debug|Any CPU
		{701389EC-1D39-4625-AA71-4F150452E4B4}.Release|Any CPU.ActiveCfg = Release|Any CPU
		{701389EC-1D39-4625-AA71-4F150452E4B4}.Release|Any CPU.Build.0 = Release|Any CPU
		{280C33B6-6865-4584-8AA8-38EA9C07870C}.Debug|Any CPU.ActiveCfg = Debug|Any CPU
		{280C33B6-6865-4584-8AA8-38EA9C07870C}.Debug|Any CPU.Build.0 = Debug|Any CPU
		{280C33B6-6865-4584-8AA8-38EA9C07870C}.Release|Any CPU.ActiveCfg = Release|Any CPU
		{280C33B6-6865-4584-8AA8-38EA9C07870C}.Release|Any CPU.Build.0 = Release|Any CPU
		{CF9673E3-BFD0-4EA4-A934-8B4BBC6E42E5}.Debug|Any CPU.ActiveCfg = Debug|Any CPU
		{CF9673E3-BFD0-4EA4-A934-8B4BBC6E42E5}.Debug|Any CPU.Build.0 = Debug|Any CPU
		{CF9673E3-BFD0-4EA4-A934-8B4BBC6E42E5}.Release|Any CPU.ActiveCfg = Release|Any CPU
		{CF9673E3-BFD0-4EA4-A934-8B4BBC6E42E5}.Release|Any CPU.Build.0 = Release|Any CPU
	EndGlobalSection
	GlobalSection(SolutionProperties) = preSolution
		HideSolutionNode = FALSE
	EndGlobalSection
EndGlobal
